Microsoft Visual Studio Solution File, Format Version 11.00
# Visual Studio 2008

Project("{71E0EDAB-AF9D-8E86-4409-73E96222EE52}") = "Ar Dugeon", "Assembly-CSharp.csproj", "{48F5DFF6-E138-3608-9D31-EA491F873CFD}"
EndProject
Project("{71E0EDAB-AF9D-8E86-4409-73E96222EE52}") = "Ar Dugeon", "Assembly-CSharp-Editor.csproj", "{E9DA9C6C-2BC5-0236-8B9B-8953FF06F354}"
EndProject
Global
	GlobalSection(SolutionConfigurationPlatforms) = preSolution
		Debug|Any CPU = Debug|Any CPU
		Release|Any CPU = Release|Any CPU
	EndGlobalSection
	GlobalSection(ProjectConfigurationPlatforms) = postSolution
		{48F5DFF6-E138-3608-9D31-EA491F873CFD}.Debug|Any CPU.ActiveCfg = Debug|Any CPU
		{48F5DFF6-E138-3608-9D31-EA491F873CFD}.Debug|Any CPU.Build.0 = Debug|Any CPU
		{48F5DFF6-E138-3608-9D31-EA491F873CFD}.Release|Any CPU.ActiveCfg = Release|Any CPU
		{48F5DFF6-E138-3608-9D31-EA491F873CFD}.Release|Any CPU.Build.0 = Release|Any CPU
		{E9DA9C6C-2BC5-0236-8B9B-8953FF06F354}.Debug|Any CPU.ActiveCfg = Debug|Any CPU
		{E9DA9C6C-2BC5-0236-8B9B-8953FF06F354}.Debug|Any CPU.Build.0 = Debug|Any CPU
		{E9DA9C6C-2BC5-0236-8B9B-8953FF06F354}.Release|Any CPU.ActiveCfg = Release|Any CPU
		{E9DA9C6C-2BC5-0236-8B9B-8953FF06F354}.Release|Any CPU.Build.0 = Release|Any CPU
	EndGlobalSection
	GlobalSection(SolutionProperties) = preSolution
		HideSolutionNode = FALSE
	EndGlobalSection
							GlobalSection(MonoDevelopProperties) = preSolution
		StartupItem = Assembly-CSharp.csproj
		Policies = $0
		$0.TextStylePolicy = $1
		$1.inheritsSet = null
		$1.scope = text/x-csharp
		$0.CSharpFormattingPolicy = $2
		$2.inheritsSet = Mono
		$2.inheritsScope = text/x-csharp
		$2.scope = text/x-csharp
		$0.TextStylePolicy = $3
		$3.FileWidth = 120
		$3.TabWidth = 4
		$3.IndentWidth = 4
		$3.EolMarker = Unix
		$3.inheritsSet = Mono
		$3.inheritsScope = text/plain
		$3.scope = text/plain
	EndGlobalSection

EndGlobal
